{
  "name": "MyEtherWallet",
  "version": "3.40.0",
  "lockfileVersion": 2,
  "requires": true,
  "packages": {
    "": {
      "name": "MyEtherWallet",
      "version": "3.40.0",
      "license": "ISC",
      "bin": {
        "mew": "bin/startMEW.js"
      },
      "devDependencies": {
        "open": "0.0.5"
      }
    },
    "node_modules/open": {
      "version": "0.0.5",
      "resolved": "https://registry.npmjs.org/open/-/open-0.0.5.tgz",
      "integrity": "sha1-QsPhjslUZra/DcQvOilFw/DK2Pw=",
      "dev": true,
      "engines": {
        "node": ">= 0.6.0"
      }
    }
  },
  "dependencies": {
    "open": {
      "version": "0.0.5",
      "resolved": "https://registry.npmjs.org/open/-/open-0.0.5.tgz",
      "integrity": "sha1-QsPhjslUZra/DcQvOilFw/DK2Pw=",
      "dev": true
    }
  }
}
